
Microsoft Visual Studio Solution File, Format Version 11.00
# Visual C# Express 2010
Project("{FAE04EC0-301F-11D3-BF4B-00C04F79EFBC}") = "PLC通訊", "PLC通訊\PLC通訊.csproj", "{7787A7DF-19F4-4997-A58A-D2185C7CDC5D}"
EndProject
Global
	GlobalSection(SolutionConfigurationPlatforms) = preSolution
		Debug|Any CPU = Debug|Any CPU
		Release|Any CPU = Release|Any CPU
	EndGlobalSection
	GlobalSection(ProjectConfigurationPlatforms) = postSolution
		{7787A7DF-19F4-4997-A58A-D2185C7CDC5D}.Debug|Any CPU.ActiveCfg = Debug|Any CPU
		{7787A7DF-19F4-4997-A58A-D2185C7CDC5D}.Debug|Any CPU.Build.0 = Debug|Any CPU
		{7787A7DF-19F4-4997-A58A-D2185C7CDC5D}.Release|Any CPU.ActiveCfg = Release|Any CPU
		{7787A7DF-19F4-4997-A58A-D2185C7CDC5D}.Release|Any CPU.Build.0 = Release|Any CPU
	EndGlobalSection
	GlobalSection(SolutionProperties) = preSolution
		HideSolutionNode = FALSE
	EndGlobalSection
EndGlobal
